{
    "hash": "607e936efd52449fe1b9ab901bcf2230",
    "packages": [
        {
            "package": "fate/silex-extensions",
            "version": "dev-master",
            "source-reference": "686eca24e1e09b05fd9b75447678bb0eca795d24",
            "commit-date": "1344586528"
        },
        {
            "package": "kriswallsmith/assetic",
            "version": "dev-master",
            "source-reference": "86b637e9f64ddcbd17d9eda944384812b5836254",
            "commit-date": "1346695911"
        },
        {
            "package": "leafo/lessphp",
            "version": "v0.3.8"
        },
        {
            "package": "pimple/pimple",
            "version": "dev-master",
            "alias-pretty-version": "1.0.x-dev",
            "alias-version": "1.0.9999999.9999999-dev"
        },
        {
            "package": "pimple/pimple",
            "version": "dev-master",
            "source-reference": "db836b8cfadc0f39dacafa2bf311a1ab603600bb",
            "commit-date": "1343051648"
        },
        {
            "package": "silex/silex",
            "version": "dev-master",
            "alias-pretty-version": "1.0.x-dev",
            "alias-version": "1.0.9999999.9999999-dev"
        },
        {
            "package": "silex/silex",
            "version": "dev-master",
            "source-reference": "73b18ef69f74d878465dba0836ad96affc6c820c",
            "commit-date": "1346766167"
        },
        {
            "package": "symfony/config",
            "version": "v2.1.0"
        },
        {
            "package": "symfony/event-dispatcher",
            "version": "v2.1.0"
        },
        {
            "package": "symfony/finder",
            "version": "v2.1.0"
        },
        {
            "package": "symfony/http-foundation",
            "version": "v2.1.0"
        },
        {
            "package": "symfony/http-kernel",
            "version": "v2.1.0"
        },
        {
            "package": "symfony/process",
            "version": "v2.1.0"
        },
        {
            "package": "symfony/routing",
            "version": "v2.1.0"
        },
        {
            "package": "symfony/translation",
            "version": "v2.1.0"
        },
        {
            "package": "symfony/twig-bridge",
            "version": "v2.1.0"
        },
        {
            "package": "symfony/yaml",
            "version": "v2.1.0"
        },
        {
            "package": "twig/twig",
            "version": "dev-master",
            "alias-pretty-version": "1.9.x-dev",
            "alias-version": "1.9.9999999.9999999-dev"
        },
        {
            "package": "twig/twig",
            "version": "dev-master",
            "source-reference": "459720ff3b74ee0c0d159277c6f2f5df89d8a4f6",
            "commit-date": "1346397138"
        }
    ],
    "packages-dev": null,
    "aliases": [

    ],
    "minimum-stability": "stable",
    "stability-flags": [

    ]
}
